
Microsoft Visual Studio Solution File, Format Version 12.00
# Visual Studio Version 17
VisualStudioVersion = 17.14.36109.1 d17.14
MinimumVisualStudioVersion = 10.0.40219.1
Project("{888888A0-9F3D-457C-B088-3A5042F75D52}") = "Interactive_window", "Interactive_window.pyproj", "{D0DA4606-C472-4DD6-9799-166FF746CEAA}"
EndProject
Global
	GlobalSection(SolutionConfigurationPlatforms) = preSolution
		Debug|Any CPU = Debug|Any CPU
		Release|Any CPU = Release|Any CPU
	EndGlobalSection
	GlobalSection(ProjectConfigurationPlatforms) = postSolution
		{D0DA4606-C472-4DD6-9799-166FF746CEAA}.Debug|Any CPU.ActiveCfg = Debug|Any CPU
		{D0DA4606-C472-4DD6-9799-166FF746CEAA}.Release|Any CPU.ActiveCfg = Release|Any CPU
	EndGlobalSection
	GlobalSection(SolutionProperties) = preSolution
		HideSolutionNode = FALSE
	EndGlobalSection
	GlobalSection(ExtensibilityGlobals) = postSolution
		SolutionGuid = {054954F0-FEB3-472C-8113-DABC2DEA5917}
	EndGlobalSection
EndGlobal
