
Microsoft Visual Studio Solution File, Format Version 12.00
# Visual Studio Version 17
VisualStudioVersion = 17.14.36109.1 d17.14
MinimumVisualStudioVersion = 10.0.40219.1
Project("{888888A0-9F3D-457C-B088-3A5042F75D52}") = "HelloWorld", "HelloWorld.pyproj", "{DEEC0AD7-6ED2-471D-8B94-15A1AFAD9676}"
EndProject
Global
	GlobalSection(SolutionConfigurationPlatforms) = preSolution
		Debug|Any CPU = Debug|Any CPU
		Release|Any CPU = Release|Any CPU
	EndGlobalSection
	GlobalSection(ProjectConfigurationPlatforms) = postSolution
		{DEEC0AD7-6ED2-471D-8B94-15A1AFAD9676}.Debug|Any CPU.ActiveCfg = Debug|Any CPU
		{DEEC0AD7-6ED2-471D-8B94-15A1AFAD9676}.Release|Any CPU.ActiveCfg = Release|Any CPU
	EndGlobalSection
	GlobalSection(SolutionProperties) = preSolution
		HideSolutionNode = FALSE
	EndGlobalSection
	GlobalSection(ExtensibilityGlobals) = postSolution
		SolutionGuid = {E1E3E3C1-E6C9-432F-92C2-EAEAF36D505C}
	EndGlobalSection
EndGlobal
